// !$*UTF8*$!
{
	archiveVersion = 1;
	classes = {
	};
	objectVersion = 48;
	objects = {

/* Begin PBXBuildFile section */
		79E4724F1F8E2F8600DEEFF1 /* AppDelegate.swift in Sources */ = {isa = PBXBuildFile; fileRef = 79E4724E1F8E2F8600DEEFF1 /* AppDelegate.swift */; };
		79E472511F8E2F8600DEEFF1 /* ViewController.swift in Sources */ = {isa = PBXBuildFile; fileRef = 79E472501F8E2F8600DEEFF1 /* ViewController.swift */; };
		79E472541F8E2F8600DEEFF1 /* Main.storyboard in Resources */ = {isa = PBXBuildFile; fileRef = 79E472521F8E2F8600DEEFF1 /* Main.storyboard */; };
		79E472571F8E2F8600DEEFF1 /* AppiumTesting.xcdatamodeld in Sources */ = {isa = PBXBuildFile; fileRef = 79E472551F8E2F8600DEEFF1 /* AppiumTesting.xcdatamodeld */; };
		79E472591F8E2F8600DEEFF1 /* Assets.xcassets in Resources */ = {isa = PBXBuildFile; fileRef = 79E472581F8E2F8600DEEFF1 /* Assets.xcassets */; };
		79E4725C1F8E2F8600DEEFF1 /* LaunchScreen.storyboard in Resources */ = {isa = PBXBuildFile; fileRef = 79E4725A1F8E2F8600DEEFF1 /* LaunchScreen.storyboard */; };
		79E472671F8E2F8600DEEFF1 /* AppiumTestingTests.swift in Sources */ = {isa = PBXBuildFile; fileRef = 79E472661F8E2F8600DEEFF1 /* AppiumTestingTests.swift */; };
		79E472721F8E2F8600DEEFF1 /* AppiumTestingUITests.swift in Sources */ = {isa = PBXBuildFile; fileRef = 79E472711F8E2F8600DEEFF1 /* AppiumTestingUITests.swift */; };
/* End PBXBuildFile section */

/* Begin PBXContainerItemProxy section */
		79E472631F8E2F8600DEEFF1 /* PBXContainerItemProxy */ = {
			isa = PBXContainerItemProxy;
			containerPortal = 79E472431F8E2F8600DEEFF1 /* Project object */;
			proxyType = 1;
			remoteGlobalIDString = 79E4724A1F8E2F8600DEEFF1;
			remoteInfo = AppiumTesting;
		};
		79E4726E1F8E2F8600DEEFF1 /* PBXContainerItemProxy */ = {
			isa = PBXContainerItemProxy;
			containerPortal = 79E472431F8E2F8600DEEFF1 /* Project object */;
			proxyType = 1;
			remoteGlobalIDString = 79E4724A1F8E2F8600DEEFF1;
			remoteInfo = AppiumTesting;
		};
/* End PBXContainerItemProxy section */

/* Begin PBXFileReference section */
		79E4724B1F8E2F8600DEEFF1 /* AppiumTesting.app */ = {isa = PBXFileReference; explicitFileType = wrapper.application; includeInIndex = 0; path = AppiumTesting.app; sourceTree = BUILT_PRODUCTS_DIR; };
		79E4724E1F8E2F8600DEEFF1 /* AppDelegate.swift */ = {isa = PBXFileReference; lastKnownFileType = sourcecode.swift; path = AppDelegate.swift; sourceTree = "<group>"; };
		79E472501F8E2F8600DEEFF1 /* ViewController.swift */ = {isa = PBXFileReference; lastKnownFileType = sourcecode.swift; path = ViewController.swift; sourceTree = "<group>"; };
		79E472531F8E2F8600DEEFF1 /* Base */ = {isa = PBXFileReference; lastKnownFileType = file.storyboard; name = Base; path = Base.lproj/Main.storyboard; sourceTree = "<group>"; };
		79E472561F8E2F8600DEEFF1 /* AppiumTesting.xcdatamodel */ = {isa = PBXFileReference; lastKnownFileType = wrapper.xcdatamodel; path = AppiumTesting.xcdatamodel; sourceTree = "<group>"; };
		79E472581F8E2F8600DEEFF1 /* Assets.xcassets */ = {isa = PBXFileReference; lastKnownFileType = folder.assetcatalog; path = Assets.xcassets; sourceTree = "<group>"; };
		79E4725B1F8E2F8600DEEFF1 /* Base */ = {isa = PBXFileReference; lastKnownFileType = file.storyboard; name = Base; path = Base.lproj/LaunchScreen.storyboard; sourceTree = "<group>"; };
		79E4725D1F8E2F8600DEEFF1 /* Info.plist */ = {isa = PBXFileReference; lastKnownFileType = text.plist.xml; path = Info.plist; sourceTree = "<group>"; };
		79E472621F8E2F8600DEEFF1 /* AppiumTestingTests.xctest */ = {isa = PBXFileReference; explicitFileType = wrapper.cfbundle; includeInIndex = 0; path = AppiumTestingTests.xctest; sourceTree = BUILT_PRODUCTS_DIR; };
		79E472661F8E2F8600DEEFF1 /* AppiumTestingTests.swift */ = {isa = PBXFileReference; lastKnownFileType = sourcecode.swift; path = AppiumTestingTests.swift; sourceTree = "<group>"; };
		79E472681F8E2F8600DEEFF1 /* Info.plist */ = {isa = PBXFileReference; lastKnownFileType = text.plist.xml; path = Info.plist; sourceTree = "<group>"; };
		79E4726D1F8E2F8600DEEFF1 /* AppiumTestingUITests.xctest */ = {isa = PBXFileReference; explicitFileType = wrapper.cfbundle; includeInIndex = 0; path = AppiumTestingUITests.xctest; sourceTree = BUILT_PRODUCTS_DIR; };
		79E472711F8E2F8600DEEFF1 /* AppiumTestingUITests.swift */ = {isa = PBXFileReference; lastKnownFileType = sourcecode.swift; path = AppiumTestingUITests.swift; sourceTree = "<group>"; };
		79E472731F8E2F8600DEEFF1 /* Info.plist */ = {isa = PBXFileReference; lastKnownFileType = text.plist.xml; path = Info.plist; sourceTree = "<group>"; };
/* End PBXFileReference section */

/* Begin PBXFrameworksBuildPhase section */
		79E472481F8E2F8600DEEFF1 /* Frameworks */ = {
			isa = PBXFrameworksBuildPhase;
			buildActionMask = 2147483647;
			files = (
			);
			runOnlyForDeploymentPostprocessing = 0;
		};
		79E4725F1F8E2F8600DEEFF1 /* Frameworks */ = {
			isa = PBXFrameworksBuildPhase;
			buildActionMask = 2147483647;
			files = (
			);
			runOnlyForDeploymentPostprocessing = 0;
		};
		79E4726A1F8E2F8600DEEFF1 /* Frameworks */ = {
			isa = PBXFrameworksBuildPhase;
			buildActionMask = 2147483647;
			files = (
			);
			runOnlyForDeploymentPostprocessing = 0;
		};
/* End PBXFrameworksBuildPhase section */

/* Begin PBXGroup section */
		79E472421F8E2F8600DEEFF1 = {
			isa = PBXGroup;
			children = (
				79E4724D1F8E2F8600DEEFF1 /* AppiumTesting */,
				79E472651F8E2F8600DEEFF1 /* AppiumTestingTests */,
				79E472701F8E2F8600DEEFF1 /* AppiumTestingUITests */,
				79E4724C1F8E2F8600DEEFF1 /* Products */,
			);
			sourceTree = "<group>";
		};
		79E4724C1F8E2F8600DEEFF1 /* Products */ = {
			isa = PBXGroup;
			children = (
				79E4724B1F8E2F8600DEEFF1 /* AppiumTesting.app */,
				79E472621F8E2F8600DEEFF1 /* AppiumTestingTests.xctest */,
				79E4726D1F8E2F8600DEEFF1 /* AppiumTestingUITests.xctest */,
			);
			name = Products;
			sourceTree = "<group>";
		};
		79E4724D1F8E2F8600DEEFF1 /* AppiumTesting */ = {
			isa = PBXGroup;
			children = (
				79E4724E1F8E2F8600DEEFF1 /* AppDelegate.swift */,
				79E472501F8E2F8600DEEFF1 /* ViewController.swift */,
				79E472521F8E2F8600DEEFF1 /* Main.storyboard */,
				79E472581F8E2F8600DEEFF1 /* Assets.xcassets */,
				79E4725A1F8E2F8600DEEFF1 /* LaunchScreen.storyboard */,
				79E4725D1F8E2F8600DEEFF1 /* Info.plist */,
				79E472551F8E2F8600DEEFF1 /* AppiumTesting.xcdatamodeld */,
			);
			path = AppiumTesting;
			sourceTree = "<group>";
		};
		79E472651F8E2F8600DEEFF1 /* AppiumTestingTests */ = {
			isa = PBXGroup;
			children = (
				79E472661F8E2F8600DEEFF1 /* AppiumTestingTests.swift */,
				79E472681F8E2F8600DEEFF1 /* Info.plist */,
			);
			path = AppiumTestingTests;
			sourceTree = "<group>";
		};
		79E472701F8E2F8600DEEFF1 /* AppiumTestingUITests */ = {
			isa = PBXGroup;
			children = (
				79E472711F8E2F8600DEEFF1 /* AppiumTestingUITests.swift */,
				79E472731F8E2F8600DEEFF1 /* Info.plist */,
			);
			path = AppiumTestingUITests;
			sourceTree = "<group>";
		};
/* End PBXGroup section */

/* Begin PBXNativeTarget section */
		79E4724A1F8E2F8600DEEFF1 /* AppiumTesting */ = {
			isa = PBXNativeTarget;
			buildConfigurationList = 79E472761F8E2F8600DEEFF1 /* Build configuration list for PBXNativeTarget "AppiumTesting" */;
			buildPhases = (
				79E472471F8E2F8600DEEFF1 /* Sources */,
				79E472481F8E2F8600DEEFF1 /* Frameworks */,
				79E472491F8E2F8600DEEFF1 /* Resources */,
			);
			buildRules = (
			);
			dependencies = (
			);
			name = AppiumTesting;
			productName = AppiumTesting;
			productReference = 79E4724B1F8E2F8600DEEFF1 /* AppiumTesting.app */;
			productType = "com.apple.product-type.application";
		};
		79E472611F8E2F8600DEEFF1 /* AppiumTestingTests */ = {
			isa = PBXNativeTarget;
			buildConfigurationList = 79E472791F8E2F8600DEEFF1 /* Build configuration list for PBXNativeTarget "AppiumTestingTests" */;
			buildPhases = (
				79E4725E1F8E2F8600DEEFF1 /* Sources */,
				79E4725F1F8E2F8600DEEFF1 /* Frameworks */,
				79E472601F8E2F8600DEEFF1 /* Resources */,
			);
			buildRules = (
			);
			dependencies = (
				79E472641F8E2F8600DEEFF1 /* PBXTargetDependency */,
			);
			name = AppiumTestingTests;
			productName = AppiumTestingTests;
			productReference = 79E472621F8E2F8600DEEFF1 /* AppiumTestingTests.xctest */;
			productType = "com.apple.product-type.bundle.unit-test";
		};
		79E4726C1F8E2F8600DEEFF1 /* AppiumTestingUITests */ = {
			isa = PBXNativeTarget;
			buildConfigurationList = 79E4727C1F8E2F8600DEEFF1 /* Build configuration list for PBXNativeTarget "AppiumTestingUITests" */;
			buildPhases = (
				79E472691F8E2F8600DEEFF1 /* Sources */,
				79E4726A1F8E2F8600DEEFF1 /* Frameworks */,
				79E4726B1F8E2F8600DEEFF1 /* Resources */,
			);
			buildRules = (
			);
			dependencies = (
				79E4726F1F8E2F8600DEEFF1 /* PBXTargetDependency */,
			);
			name = AppiumTestingUITests;
			productName = AppiumTestingUITests;
			productReference = 79E4726D1F8E2F8600DEEFF1 /* AppiumTestingUITests.xctest */;
			productType = "com.apple.product-type.bundle.ui-testing";
		};
/* End PBXNativeTarget section */

/* Begin PBXProject section */
		79E472431F8E2F8600DEEFF1 /* Project object */ = {
			isa = PBXProject;
			attributes = {
				LastSwiftUpdateCheck = 0900;
				LastUpgradeCheck = 0900;
				ORGANIZATIONNAME = Innofied;
				TargetAttributes = {
					79E4724A1F8E2F8600DEEFF1 = {
						CreatedOnToolsVersion = 9.0;
						ProvisioningStyle = Automatic;
					};
					79E472611F8E2F8600DEEFF1 = {
						CreatedOnToolsVersion = 9.0;
						ProvisioningStyle = Automatic;
						TestTargetID = 79E4724A1F8E2F8600DEEFF1;
					};
					79E4726C1F8E2F8600DEEFF1 = {
						CreatedOnToolsVersion = 9.0;
						ProvisioningStyle = Automatic;
						TestTargetID = 79E4724A1F8E2F8600DEEFF1;
					};
				};
			};
			buildConfigurationList = 79E472461F8E2F8600DEEFF1 /* Build configuration list for PBXProject "AppiumTesting" */;
			compatibilityVersion = "Xcode 8.0";
			developmentRegion = en;
			hasScannedForEncodings = 0;
			knownRegions = (
				en,
				Base,
			);
			mainGroup = 79E472421F8E2F8600DEEFF1;
			productRefGroup = 79E4724C1F8E2F8600DEEFF1 /* Products */;
			projectDirPath = "";
			projectRoot = "";
			targets = (
				79E4724A1F8E2F8600DEEFF1 /* AppiumTesting */,
				79E472611F8E2F8600DEEFF1 /* AppiumTestingTests */,
				79E4726C1F8E2F8600DEEFF1 /* AppiumTestingUITests */,
			);
		};
/* End PBXProject section */

/* Begin PBXResourcesBuildPhase section */
		79E472491F8E2F8600DEEFF1 /* Resources */ = {
			isa = PBXResourcesBuildPhase;
			buildActionMask = 2147483647;
			files = (
				79E4725C1F8E2F8600DEEFF1 /* LaunchScreen.storyboard in Resources */,
				79E472591F8E2F8600DEEFF1 /* Assets.xcassets in Resources */,
				79E472541F8E2F8600DEEFF1 /* Main.storyboard in Resources */,
			);
			runOnlyForDeploymentPostprocessing = 0;
		};
		79E472601F8E2F8600DEEFF1 /* Resources */ = {
			isa = PBXResourcesBuildPhase;
			buildActionMask = 2147483647;
			files = (
			);
			runOnlyForDeploymentPostprocessing = 0;
		};
		79E4726B1F8E2F8600DEEFF1 /* Resources */ = {
			isa = PBXResourcesBuildPhase;
			buildActionMask = 2147483647;
			files = (
			);
			runOnlyForDeploymentPostprocessing = 0;
		};
/* End PBXResourcesBuildPhase section */

/* Begin PBXSourcesBuildPhase section */
		79E472471F8E2F8600DEEFF1 /* Sources */ = {
			isa = PBXSourcesBuildPhase;
			buildActionMask = 2147483647;
			files = (
				79E472511F8E2F8600DEEFF1 /* ViewController.swift in Sources */,
				79E4724F1F8E2F8600DEEFF1 /* AppDelegate.swift in Sources */,
				79E472571F8E2F8600DEEFF1 /* AppiumTesting.xcdatamodeld in Sources */,
			);
			runOnlyForDeploymentPostprocessing = 0;
		};
		79E4725E1F8E2F8600DEEFF1 /* Sources */ = {
			isa = PBXSourcesBuildPhase;
			buildActionMask = 2147483647;
			files = (
				79E472671F8E2F8600DEEFF1 /* AppiumTestingTests.swift in Sources */,
			);
			runOnlyForDeploymentPostprocessing = 0;
		};
		79E472691F8E2F8600DEEFF1 /* Sources */ = {
			isa = PBXSourcesBuildPhase;
			buildActionMask = 2147483647;
			files = (
				79E472721F8E2F8600DEEFF1 /* AppiumTestingUITests.swift in Sources */,
			);
			runOnlyForDeploymentPostprocessing = 0;
		};
/* End PBXSourcesBuildPhase section */

/* Begin PBXTargetDependency section */
		79E472641F8E2F8600DEEFF1 /* PBXTargetDependency */ = {
			isa = PBXTargetDependency;
			target = 79E4724A1F8E2F8600DEEFF1 /* AppiumTesting */;
			targetProxy = 79E472631F8E2F8600DEEFF1 /* PBXContainerItemProxy */;
		};
		79E4726F1F8E2F8600DEEFF1 /* PBXTargetDependency */ = {
			isa = PBXTargetDependency;
			target = 79E4724A1F8E2F8600DEEFF1 /* AppiumTesting */;
			targetProxy = 79E4726E1F8E2F8600DEEFF1 /* PBXContainerItemProxy */;
		};
/* End PBXTargetDependency section */

/* Begin PBXVariantGroup section */
		79E472521F8E2F8600DEEFF1 /* Main.storyboard */ = {
			isa = PBXVariantGroup;
			children = (
				79E472531F8E2F8600DEEFF1 /* Base */,
			);
			name = Main.storyboard;
			sourceTree = "<group>";
		};
		79E4725A1F8E2F8600DEEFF1 /* LaunchScreen.storyboard */ = {
			isa = PBXVariantGroup;
			children = (
				79E4725B1F8E2F8600DEEFF1 /* Base */,
			);
			name = LaunchScreen.storyboard;
			sourceTree = "<group>";
		};
/* End PBXVariantGroup section */

/* Begin XCBuildConfiguration section */
		79E472741F8E2F8600DEEFF1 /* Debug */ = {
			isa = XCBuildConfiguration;
			buildSettings = {
				ALWAYS_SEARCH_USER_PATHS = NO;
				CLANG_ANALYZER_NONNULL = YES;
				CLANG_ANALYZER_NUMBER_OBJECT_CONVERSION = YES_AGGRESSIVE;
				CLANG_CXX_LANGUAGE_STANDARD = "gnu++14";
				CLANG_CXX_LIBRARY = "libc++";
				CLANG_ENABLE_MODULES = YES;
				CLANG_ENABLE_OBJC_ARC = YES;
				CLANG_WARN_BLOCK_CAPTURE_AUTORELEASING = YES;
				CLANG_WARN_BOOL_CONVERSION = YES;
				CLANG_WARN_COMMA = YES;
				CLANG_WARN_CONSTANT_CONVERSION = YES;
				CLANG_WARN_DIRECT_OBJC_ISA_USAGE = YES_ERROR;
				CLANG_WARN_DOCUMENTATION_COMMENTS = YES;
				CLANG_WARN_EMPTY_BODY = YES;
				CLANG_WARN_ENUM_CONVERSION = YES;
				CLANG_WARN_INFINITE_RECURSION = YES;
				CLANG_WARN_INT_CONVERSION = YES;
				CLANG_WARN_NON_LITERAL_NULL_CONVERSION = YES;
				CLANG_WARN_OBJC_LITERAL_CONVERSION = YES;
				CLANG_WARN_OBJC_ROOT_CLASS = YES_ERROR;
				CLANG_WARN_RANGE_LOOP_ANALYSIS = YES;
				CLANG_WARN_STRICT_PROTOTYPES = YES;
				CLANG_WARN_SUSPICIOUS_MOVE = YES;
				CLANG_WARN_UNGUARDED_AVAILABILITY = YES_AGGRESSIVE;
				CLANG_WARN_UNREACHABLE_CODE = YES;
				CLANG_WARN__DUPLICATE_METHOD_MATCH = YES;
				CODE_SIGN_IDENTITY = "iPhone Developer";
				COPY_PHASE_STRIP = NO;
				DEBUG_INFORMATION_FORMAT = dwarf;
				ENABLE_STRICT_OBJC_MSGSEND = YES;
				ENABLE_TESTABILITY = YES;
				GCC_C_LANGUAGE_STANDARD = gnu11;
				GCC_DYNAMIC_NO_PIC = NO;
				GCC_NO_COMMON_BLOCKS = YES;
				GCC_OPTIMIZATION_LEVEL = 0;
				GCC_PREPROCESSOR_DEFINITIONS = (
					"DEBUG=1",
					"$(inherited)",
				);
				GCC_WARN_64_TO_32_BIT_CONVERSION = YES;
				GCC_WARN_ABOUT_RETURN_TYPE = YES_ERROR;
				GCC_WARN_UNDECLARED_SELECTOR = YES;
				GCC_WARN_UNINITIALIZED_AUTOS = YES_AGGRESSIVE;
				GCC_WARN_UNUSED_FUNCTION = YES;
				GCC_WARN_UNUSED_VARIABLE = YES;
				IPHONEOS_DEPLOYMENT_TARGET = 11.0;
				MTL_ENABLE_DEBUG_INFO = YES;
				ONLY_ACTIVE_ARCH = YES;
				SDKROOT = iphoneos;
				SWIFT_ACTIVE_COMPILATION_CONDITIONS = DEBUG;
				SWIFT_OPTIMIZATION_LEVEL = "-Onone";
			};
			name = Debug;
		};
		79E472751F8E2F8600DEEFF1 /* Release */ = {
			isa = XCBuildConfiguration;
			buildSettings = {
				ALWAYS_SEARCH_USER_PATHS = NO;
				CLANG_ANALYZER_NONNULL = YES;
				CLANG_ANALYZER_NUMBER_OBJECT_CONVERSION = YES_AGGRESSIVE;
				CLANG_CXX_LANGUAGE_STANDARD = "gnu++14";
				CLANG_CXX_LIBRARY = "libc++";
				CLANG_ENABLE_MODULES = YES;
				CLANG_ENABLE_OBJC_ARC = YES;
				CLANG_WARN_BLOCK_CAPTURE_AUTORELEASING = YES;
				CLANG_WARN_BOOL_CONVERSION = YES;
				CLANG_WARN_COMMA = YES;
				CLANG_WARN_CONSTANT_CONVERSION = YES;
				CLANG_WARN_DIRECT_OBJC_ISA_USAGE = YES_ERROR;
				CLANG_WARN_DOCUMENTATION_COMMENTS = YES;
				CLANG_WARN_EMPTY_BODY = YES;
				CLANG_WARN_ENUM_CONVERSION = YES;
				CLANG_WARN_INFINITE_RECURSION = YES;
				CLANG_WARN_INT_CONVERSION = YES;
				CLANG_WARN_NON_LITERAL_NULL_CONVERSION = YES;
				CLANG_WARN_OBJC_LITERAL_CONVERSION = YES;
				CLANG_WARN_OBJC_ROOT_CLASS = YES_ERROR;
				CLANG_WARN_RANGE_LOOP_ANALYSIS = YES;
				CLANG_WARN_STRICT_PROTOTYPES = YES;
				CLANG_WARN_SUSPICIOUS_MOVE = YES;
				CLANG_WARN_UNGUARDED_AVAILABILITY = YES_AGGRESSIVE;
				CLANG_WARN_UNREACHABLE_CODE = YES;
				CLANG_WARN__DUPLICATE_METHOD_MATCH = YES;
				CODE_SIGN_IDENTITY = "iPhone Developer";
				COPY_PHASE_STRIP = NO;
				DEBUG_INFORMATION_FORMAT = "dwarf-with-dsym";
				ENABLE_NS_ASSERTIONS = NO;
				ENABLE_STRICT_OBJC_MSGSEND = YES;
				GCC_C_LANGUAGE_STANDARD = gnu11;
				GCC_NO_COMMON_BLOCKS = YES;
				GCC_WARN_64_TO_32_BIT_CONVERSION = YES;
				GCC_WARN_ABOUT_RETURN_TYPE = YES_ERROR;
				GCC_WARN_UNDECLARED_SELECTOR = YES;
				GCC_WARN_UNINITIALIZED_AUTOS = YES_AGGRESSIVE;
				GCC_WARN_UNUSED_FUNCTION = YES;
				GCC_WARN_UNUSED_VARIABLE = YES;
				IPHONEOS_DEPLOYMENT_TARGET = 11.0;
				MTL_ENABLE_DEBUG_INFO = NO;
				SDKROOT = iphoneos;
				SWIFT_OPTIMIZATION_LEVEL = "-Owholemodule";
				VALIDATE_PRODUCT = YES;
			};
			name = Release;
		};
		79E472771F8E2F8600DEEFF1 /* Debug */ = {
			isa = XCBuildConfiguration;
			buildSettings = {
				ASSETCATALOG_COMPILER_APPICON_NAME = AppIcon;
				"CODE_SIGN_IDENTITY[sdk=iphoneos*]" = "iPhone Developer";
				CODE_SIGN_STYLE = Automatic;
				DEVELOPMENT_TEAM = 9STZT28MB5;
				INFOPLIST_FILE = AppiumTesting/Info.plist;
				LD_RUNPATH_SEARCH_PATHS = "$(inherited) @executable_path/Frameworks";
				PRODUCT_BUNDLE_IDENTIFIER = com.innofied.AppiumTesting;
				PRODUCT_NAME = "$(TARGET_NAME)";
				PROVISIONING_PROFILE_SPECIFIER = "";
				SWIFT_VERSION = 4.0;
				TARGETED_DEVICE_FAMILY = "1,2";
			};
			name = Debug;
		};
		79E472781F8E2F8600DEEFF1 /* Release */ = {
			isa = XCBuildConfiguration;
			buildSettings = {
				ASSETCATALOG_COMPILER_APPICON_NAME = AppIcon;
				"CODE_SIGN_IDENTITY[sdk=iphoneos*]" = "iPhone Developer";
				CODE_SIGN_STYLE = Automatic;
				DEVELOPMENT_TEAM = 9STZT28MB5;
				INFOPLIST_FILE = AppiumTesting/Info.plist;
				LD_RUNPATH_SEARCH_PATHS = "$(inherited) @executable_path/Frameworks";
				PRODUCT_BUNDLE_IDENTIFIER = com.innofied.AppiumTesting;
				PRODUCT_NAME = "$(TARGET_NAME)";
				PROVISIONING_PROFILE_SPECIFIER = "";
				SWIFT_VERSION = 4.0;
				TARGETED_DEVICE_FAMILY = "1,2";
			};
			name = Release;
		};
		79E4727A1F8E2F8600DEEFF1 /* Debug */ = {
			isa = XCBuildConfiguration;
			buildSettings = {
				ALWAYS_EMBED_SWIFT_STANDARD_LIBRARIES = YES;
				BUNDLE_LOADER = "$(TEST_HOST)";
				CODE_SIGN_STYLE = Automatic;
				INFOPLIST_FILE = AppiumTestingTests/Info.plist;
				LD_RUNPATH_SEARCH_PATHS = "$(inherited) @executable_path/Frameworks @loader_path/Frameworks";
				PRODUCT_BUNDLE_IDENTIFIER = com.innofied.AppiumTestingTests;
				PRODUCT_NAME = "$(TARGET_NAME)";
				SWIFT_VERSION = 4.0;
				TARGETED_DEVICE_FAMILY = "1,2";
				TEST_HOST = "$(BUILT_PRODUCTS_DIR)/AppiumTesting.app/AppiumTesting";
			};
			name = Debug;
		};
		79E4727B1F8E2F8600DEEFF1 /* Release */ = {
			isa = XCBuildConfiguration;
			buildSettings = {
				ALWAYS_EMBED_SWIFT_STANDARD_LIBRARIES = YES;
				BUNDLE_LOADER = "$(TEST_HOST)";
				CODE_SIGN_STYLE = Automatic;
				INFOPLIST_FILE = AppiumTestingTests/Info.plist;
				LD_RUNPATH_SEARCH_PATHS = "$(inherited) @executable_path/Frameworks @loader_path/Frameworks";
				PRODUCT_BUNDLE_IDENTIFIER = com.innofied.AppiumTestingTests;
				PRODUCT_NAME = "$(TARGET_NAME)";
				SWIFT_VERSION = 4.0;
				TARGETED_DEVICE_FAMILY = "1,2";
				TEST_HOST = "$(BUILT_PRODUCTS_DIR)/AppiumTesting.app/AppiumTesting";
			};
			name = Release;
		};
		79E4727D1F8E2F8600DEEFF1 /* Debug */ = {
			isa = XCBuildConfiguration;
			buildSettings = {
				ALWAYS_EMBED_SWIFT_STANDARD_LIBRARIES = YES;
				CODE_SIGN_STYLE = Automatic;
				INFOPLIST_FILE = AppiumTestingUITests/Info.plist;
				LD_RUNPATH_SEARCH_PATHS = "$(inherited) @executable_path/Frameworks @loader_path/Frameworks";
				PRODUCT_BUNDLE_IDENTIFIER = com.innofied.AppiumTestingUITests;
				PRODUCT_NAME = "$(TARGET_NAME)";
				SWIFT_VERSION = 4.0;
				TARGETED_DEVICE_FAMILY = "1,2";
				TEST_TARGET_NAME = AppiumTesting;
			};
			name = Debug;
		};
		79E4727E1F8E2F8600DEEFF1 /* Release */ = {
			isa = XCBuildConfiguration;
			buildSettings = {
				ALWAYS_EMBED_SWIFT_STANDARD_LIBRARIES = YES;
				CODE_SIGN_STYLE = Automatic;
				INFOPLIST_FILE = AppiumTestingUITests/Info.plist;
				LD_RUNPATH_SEARCH_PATHS = "$(inherited) @executable_path/Frameworks @loader_path/Frameworks";
				PRODUCT_BUNDLE_IDENTIFIER = com.innofied.AppiumTestingUITests;
				PRODUCT_NAME = "$(TARGET_NAME)";
				SWIFT_VERSION = 4.0;
				TARGETED_DEVICE_FAMILY = "1,2";
				TEST_TARGET_NAME = AppiumTesting;
			};
			name = Release;
		};
/* End XCBuildConfiguration section */

/* Begin XCConfigurationList section */
		79E472461F8E2F8600DEEFF1 /* Build configuration list for PBXProject "AppiumTesting" */ = {
			isa = XCConfigurationList;
			buildConfigurations = (
				79E472741F8E2F8600DEEFF1 /* Debug */,
				79E472751F8E2F8600DEEFF1 /* Release */,
			);
			defaultConfigurationIsVisible = 0;
			defaultConfigurationName = Release;
		};
		79E472761F8E2F8600DEEFF1 /* Build configuration list for PBXNativeTarget "AppiumTesting" */ = {
			isa = XCConfigurationList;
			buildConfigurations = (
				79E472771F8E2F8600DEEFF1 /* Debug */,
				79E472781F8E2F8600DEEFF1 /* Release */,
			);
			defaultConfigurationIsVisible = 0;
			defaultConfigurationName = Release;
		};
		79E472791F8E2F8600DEEFF1 /* Build configuration list for PBXNativeTarget "AppiumTestingTests" */ = {
			isa = XCConfigurationList;
			buildConfigurations = (
				79E4727A1F8E2F8600DEEFF1 /* Debug */,
				79E4727B1F8E2F8600DEEFF1 /* Release */,
			);
			defaultConfigurationIsVisible = 0;
			defaultConfigurationName = Release;
		};
		79E4727C1F8E2F8600DEEFF1 /* Build configuration list for PBXNativeTarget "AppiumTestingUITests" */ = {
			isa = XCConfigurationList;
			buildConfigurations = (
				79E4727D1F8E2F8600DEEFF1 /* Debug */,
				79E4727E1F8E2F8600DEEFF1 /* Release */,
			);
			defaultConfigurationIsVisible = 0;
			defaultConfigurationName = Release;
		};
/* End XCConfigurationList section */

/* Begin XCVersionGroup section */
		79E472551F8E2F8600DEEFF1 /* AppiumTesting.xcdatamodeld */ = {
			isa = XCVersionGroup;
			children = (
				79E472561F8E2F8600DEEFF1 /* AppiumTesting.xcdatamodel */,
			);
			currentVersion = 79E472561F8E2F8600DEEFF1 /* AppiumTesting.xcdatamodel */;
			path = AppiumTesting.xcdatamodeld;
			sourceTree = "<group>";
			versionGroupType = wrapper.xcdatamodel;
		};
/* End XCVersionGroup section */
	};
	rootObject = 79E472431F8E2F8600DEEFF1 /* Project object */;
}
